
Microsoft Visual Studio Solution File, Format Version 12.00
# Visual Studio 2012
Project("{FAE04EC0-301F-11D3-BF4B-00C04F79EFBC}") = "web-MetricsApi", "web-MetricsApi\web-MetricsApi.csproj", "{63C4AA91-5583-4940-ADF5-B2189087E1D5}"
EndProject
Project("{FAE04EC0-301F-11D3-BF4B-00C04F79EFBC}") = "Pbp.Metrics.Core", "shared-metrics\Pbp.Metrics.Core\Pbp.Metrics.Core.csproj", "{70AD4D95-A10F-4C12-A543-A408D6CB7846}"
EndProject
Project("{FAE04EC0-301F-11D3-BF4B-00C04F79EFBC}") = "web-MetricsApi.Tests.Integration", "web-MetricsApi.Tests.Integration\web-MetricsApi.Tests.Integration.csproj", "{43F13B57-6C58-4AB5-A50A-E06B4E6B552E}"
EndProject
Project("{FAE04EC0-301F-11D3-BF4B-00C04F79EFBC}") = "web-MetricsApi.Tests.Unit", "web-MetricsApi.Tests.Unit\web-MetricsApi.Tests.Unit.csproj", "{8BCA35D9-AC18-431A-BDCB-D3C0298A71CD}"
EndProject
Global
	GlobalSection(SolutionConfigurationPlatforms) = preSolution
		Debug|Any CPU = Debug|Any CPU
		Release|Any CPU = Release|Any CPU
	EndGlobalSection
	GlobalSection(ProjectConfigurationPlatforms) = postSolution
		{63C4AA91-5583-4940-ADF5-B2189087E1D5}.Debug|Any CPU.ActiveCfg = Release|x86
		{63C4AA91-5583-4940-ADF5-B2189087E1D5}.Debug|Any CPU.Build.0 = Release|x86
		{63C4AA91-5583-4940-ADF5-B2189087E1D5}.Release|Any CPU.ActiveCfg = Debug|x86
		{63C4AA91-5583-4940-ADF5-B2189087E1D5}.Release|Any CPU.Build.0 = Debug|x86
		{70AD4D95-A10F-4C12-A543-A408D6CB7846}.Debug|Any CPU.ActiveCfg = Release|x86
		{70AD4D95-A10F-4C12-A543-A408D6CB7846}.Debug|Any CPU.Build.0 = Release|x86
		{70AD4D95-A10F-4C12-A543-A408D6CB7846}.Release|Any CPU.ActiveCfg = Debug|x86
		{43F13B57-6C58-4AB5-A50A-E06B4E6B552E}.Debug|Any CPU.ActiveCfg = Release|x86
		{43F13B57-6C58-4AB5-A50A-E06B4E6B552E}.Debug|Any CPU.Build.0 = Release|x86
		{43F13B57-6C58-4AB5-A50A-E06B4E6B552E}.Release|Any CPU.ActiveCfg = Debug|x86
		{43F13B57-6C58-4AB5-A50A-E06B4E6B552E}.Release|Any CPU.Build.0 = Debug|x86
		{8BCA35D9-AC18-431A-BDCB-D3C0298A71CD}.Debug|Any CPU.ActiveCfg = Release|x86
		{8BCA35D9-AC18-431A-BDCB-D3C0298A71CD}.Debug|Any CPU.Build.0 = Release|x86
		{8BCA35D9-AC18-431A-BDCB-D3C0298A71CD}.Release|Any CPU.ActiveCfg = Debug|x86
		{8BCA35D9-AC18-431A-BDCB-D3C0298A71CD}.Release|Any CPU.Build.0 = Debug|x86
	EndGlobalSection
	GlobalSection(SolutionProperties) = preSolution
		HideSolutionNode = FALSE
	EndGlobalSection
EndGlobal
